
Microsoft Visual Studio Solution File, Format Version 12.00
# Visual Studio Version 17
VisualStudioVersion = 17.12.35527.113 d17.12
MinimumVisualStudioVersion = 10.0.40219.1
Project("{FAE04EC0-301F-11D3-BF4B-00C04F79EFBC}") = "Task_JODBE", "Task_JODBE\Task_JODBE.csproj", "{2BBDC2CA-3690-48C2-A87C-BA242CF607BC}"
EndProject
Global
	GlobalSection(SolutionConfigurationPlatforms) = preSolution
		Debug|Any CPU = Debug|Any CPU
		Release|Any CPU = Release|Any CPU
	EndGlobalSection
	GlobalSection(ProjectConfigurationPlatforms) = postSolution
		{2BBDC2CA-3690-48C2-A87C-BA242CF607BC}.Debug|Any CPU.ActiveCfg = Debug|Any CPU
		{2BBDC2CA-3690-48C2-A87C-BA242CF607BC}.Debug|Any CPU.Build.0 = Debug|Any CPU
		{2BBDC2CA-3690-48C2-A87C-BA242CF607BC}.Release|Any CPU.ActiveCfg = Release|Any CPU
		{2BBDC2CA-3690-48C2-A87C-BA242CF607BC}.Release|Any CPU.Build.0 = Release|Any CPU
	EndGlobalSection
	GlobalSection(SolutionProperties) = preSolution
		HideSolutionNode = FALSE
	EndGlobalSection
EndGlobal
